
Microsoft Visual Studio Solution File, Format Version 12.00
# Visual Studio Version 16
VisualStudioVersion = 16.0.30503.244
MinimumVisualStudioVersion = 10.0.40219.1
Project("{9A19103F-16F7-4668-BE54-9A1E7A4F7556}") = "Sashimi", "Sashimi\Sashimi.csproj", "{3CA61710-B233-4FC3-8FCD-C4830042DFE3}"
EndProject
Project("{9A19103F-16F7-4668-BE54-9A1E7A4F7556}") = "Calamari", "Calamari\Calamari.csproj", "{3182DA11-80C3-4E39-A63A-3BA86DA30E1C}"
EndProject
Project("{9A19103F-16F7-4668-BE54-9A1E7A4F7556}") = "Calamari.Tests", "Calamari.Tests\Calamari.Tests.csproj", "{FDC03BFB-596F-4783-B875-E09CC87E33B2}"
EndProject
Project("{FAE04EC0-301F-11D3-BF4B-00C04F79EFBC}") = "Sashimi.Tests", "Sashimi.Tests\Sashimi.Tests.csproj", "{2641003B-EB8F-4A6D-8D87-C253F1B1DB70}"
EndProject
Project("{FAE04EC0-301F-11D3-BF4B-00C04F79EFBC}") = "_build", "..\build\_build.csproj", "{DBB745B5-B688-465C-B88B-FD89D8501EAC}"
EndProject
Global
	GlobalSection(SolutionConfigurationPlatforms) = preSolution
		Debug|Any CPU = Debug|Any CPU
		Release|Any CPU = Release|Any CPU
	EndGlobalSection
	GlobalSection(ProjectConfigurationPlatforms) = postSolution
		{3CA61710-B233-4FC3-8FCD-C4830042DFE3}.Debug|Any CPU.ActiveCfg = Debug|Any CPU
		{3CA61710-B233-4FC3-8FCD-C4830042DFE3}.Debug|Any CPU.Build.0 = Debug|Any CPU
		{3CA61710-B233-4FC3-8FCD-C4830042DFE3}.Release|Any CPU.ActiveCfg = Release|Any CPU
		{3CA61710-B233-4FC3-8FCD-C4830042DFE3}.Release|Any CPU.Build.0 = Release|Any CPU
		{3182DA11-80C3-4E39-A63A-3BA86DA30E1C}.Debug|Any CPU.ActiveCfg = Debug|Any CPU
		{3182DA11-80C3-4E39-A63A-3BA86DA30E1C}.Debug|Any CPU.Build.0 = Debug|Any CPU
		{3182DA11-80C3-4E39-A63A-3BA86DA30E1C}.Release|Any CPU.ActiveCfg = Release|Any CPU
		{3182DA11-80C3-4E39-A63A-3BA86DA30E1C}.Release|Any CPU.Build.0 = Release|Any CPU
		{FDC03BFB-596F-4783-B875-E09CC87E33B2}.Debug|Any CPU.ActiveCfg = Debug|Any CPU
		{FDC03BFB-596F-4783-B875-E09CC87E33B2}.Debug|Any CPU.Build.0 = Debug|Any CPU
		{FDC03BFB-596F-4783-B875-E09CC87E33B2}.Release|Any CPU.ActiveCfg = Release|Any CPU
		{FDC03BFB-596F-4783-B875-E09CC87E33B2}.Release|Any CPU.Build.0 = Release|Any CPU
		{2641003B-EB8F-4A6D-8D87-C253F1B1DB70}.Debug|Any CPU.ActiveCfg = Debug|Any CPU
		{2641003B-EB8F-4A6D-8D87-C253F1B1DB70}.Debug|Any CPU.Build.0 = Debug|Any CPU
		{2641003B-EB8F-4A6D-8D87-C253F1B1DB70}.Release|Any CPU.ActiveCfg = Release|Any CPU
		{2641003B-EB8F-4A6D-8D87-C253F1B1DB70}.Release|Any CPU.Build.0 = Release|Any CPU
		{DBB745B5-B688-465C-B88B-FD89D8501EAC}.Debug|Any CPU.ActiveCfg = Debug|Any CPU
		{DBB745B5-B688-465C-B88B-FD89D8501EAC}.Release|Any CPU.ActiveCfg = Release|Any CPU
	EndGlobalSection
	GlobalSection(SolutionProperties) = preSolution
		HideSolutionNode = FALSE
	EndGlobalSection
	GlobalSection(ExtensibilityGlobals) = postSolution
		SolutionGuid = {6E967CBF-9843-4A64-A55A-92F02BB3847C}
	EndGlobalSection
EndGlobal
