
Microsoft Visual Studio Solution File, Format Version 12.00
# Visual Studio Version 16
VisualStudioVersion = 16.0.29920.165
MinimumVisualStudioVersion = 10.0.40219.1
Project("{9A19103F-16F7-4668-BE54-9A1E7A4F7556}") = "Calamari", "Calamari\Calamari.csproj", "{BA1BE5BE-5EF3-4A80-8699-6FE3A0B75A93}"
EndProject
Project("{9A19103F-16F7-4668-BE54-9A1E7A4F7556}") = "Sashimi", "Sashimi\Sashimi.csproj", "{42BA1C37-5386-4E02-8A28-1890DA196479}"
EndProject
Project("{9A19103F-16F7-4668-BE54-9A1E7A4F7556}") = "Sashimi.Tests", "Sashimi.Tests\Sashimi.Tests.csproj", "{DF9E0D0B-9BD6-42EF-9B72-C13EDD2ABB4B}"
EndProject
Project("{2150E333-8FDC-42A3-9474-1A3956D46DE8}") = "_", "_", "{A5977E44-894E-4B70-AE3A-78B514B44274}"
	ProjectSection(SolutionItems) = preProject
		..\.gitattributes = ..\.gitattributes
		..\.gitignore = ..\.gitignore
		..\build.cmd = ..\build.cmd
		..\build.ps1 = ..\build.ps1
		..\CODEOWNERS = ..\CODEOWNERS
		Directory.Build.props = Directory.Build.props
		..\GitVersion.yml = ..\GitVersion.yml
		..\readme.md = ..\readme.md
	EndProjectSection
EndProject
Project("{FAE04EC0-301F-11D3-BF4B-00C04F79EFBC}") = "Calamari.Tests", "Calamari.Tests\Calamari.Tests.csproj", "{824DDE52-3DD5-463F-A299-43CF689718D9}"
EndProject
Project("{FAE04EC0-301F-11D3-BF4B-00C04F79EFBC}") = "_build", "..\build\_build.csproj", "{CA452AEE-7820-4C7F-A04B-5C02A47C8AE6}"
EndProject
Global
	GlobalSection(SolutionConfigurationPlatforms) = preSolution
		Debug|Any CPU = Debug|Any CPU
		Release|Any CPU = Release|Any CPU
	EndGlobalSection
	GlobalSection(ProjectConfigurationPlatforms) = postSolution
		{BA1BE5BE-5EF3-4A80-8699-6FE3A0B75A93}.Debug|Any CPU.ActiveCfg = Debug|Any CPU
		{BA1BE5BE-5EF3-4A80-8699-6FE3A0B75A93}.Debug|Any CPU.Build.0 = Debug|Any CPU
		{BA1BE5BE-5EF3-4A80-8699-6FE3A0B75A93}.Release|Any CPU.ActiveCfg = Release|Any CPU
		{BA1BE5BE-5EF3-4A80-8699-6FE3A0B75A93}.Release|Any CPU.Build.0 = Release|Any CPU
		{42BA1C37-5386-4E02-8A28-1890DA196479}.Debug|Any CPU.ActiveCfg = Debug|Any CPU
		{42BA1C37-5386-4E02-8A28-1890DA196479}.Debug|Any CPU.Build.0 = Debug|Any CPU
		{42BA1C37-5386-4E02-8A28-1890DA196479}.Release|Any CPU.ActiveCfg = Release|Any CPU
		{42BA1C37-5386-4E02-8A28-1890DA196479}.Release|Any CPU.Build.0 = Release|Any CPU
		{DF9E0D0B-9BD6-42EF-9B72-C13EDD2ABB4B}.Debug|Any CPU.ActiveCfg = Debug|Any CPU
		{DF9E0D0B-9BD6-42EF-9B72-C13EDD2ABB4B}.Debug|Any CPU.Build.0 = Debug|Any CPU
		{DF9E0D0B-9BD6-42EF-9B72-C13EDD2ABB4B}.Release|Any CPU.ActiveCfg = Release|Any CPU
		{DF9E0D0B-9BD6-42EF-9B72-C13EDD2ABB4B}.Release|Any CPU.Build.0 = Release|Any CPU
		{824DDE52-3DD5-463F-A299-43CF689718D9}.Debug|Any CPU.ActiveCfg = Debug|Any CPU
		{824DDE52-3DD5-463F-A299-43CF689718D9}.Debug|Any CPU.Build.0 = Debug|Any CPU
		{824DDE52-3DD5-463F-A299-43CF689718D9}.Release|Any CPU.ActiveCfg = Release|Any CPU
		{824DDE52-3DD5-463F-A299-43CF689718D9}.Release|Any CPU.Build.0 = Release|Any CPU
		{CA452AEE-7820-4C7F-A04B-5C02A47C8AE6}.Debug|Any CPU.ActiveCfg = Debug|Any CPU
		{CA452AEE-7820-4C7F-A04B-5C02A47C8AE6}.Release|Any CPU.ActiveCfg = Release|Any CPU
	EndGlobalSection
	GlobalSection(SolutionProperties) = preSolution
		HideSolutionNode = FALSE
	EndGlobalSection
	GlobalSection(ExtensibilityGlobals) = postSolution
		SolutionGuid = {98381729-61E5-4B59-A4B5-3FEF1203E673}
	EndGlobalSection
EndGlobal
