
Microsoft Visual Studio Solution File, Format Version 12.00
# Visual Studio Version 16
VisualStudioVersion = 16.0.29920.165
MinimumVisualStudioVersion = 10.0.40219.1
Project("{2150E333-8FDC-42A3-9474-1A3956D46DE8}") = "_", "_", "{A5977E44-894E-4B70-AE3A-78B514B44274}"
	ProjectSection(SolutionItems) = preProject
		..\.gitattributes = ..\.gitattributes
		..\.gitignore = ..\.gitignore
		..\build.cake = ..\build.cake
		..\build.cmd = ..\build.cmd
		..\build.ps1 = ..\build.ps1
		..\CODEOWNERS = ..\CODEOWNERS
		Directory.Build.props = Directory.Build.props
		..\gitversion.yml = ..\gitversion.yml
		..\readme.md = ..\readme.md
	EndProjectSection
EndProject
Project("{9A19103F-16F7-4668-BE54-9A1E7A4F7556}") = "Calamari", "Calamari\Calamari.csproj", "{0509DFA6-A6A6-4FA6-8061-D2C88F12E3A4}"
EndProject
Project("{9A19103F-16F7-4668-BE54-9A1E7A4F7556}") = "Calamari.Tests", "Calamari.Tests\Calamari.Tests.csproj", "{15DB1404-AED6-4268-B85C-19813D4A7137}"
EndProject
Project("{9A19103F-16F7-4668-BE54-9A1E7A4F7556}") = "Sashimi", "Sashimi\Sashimi.csproj", "{AAC62ABD-E001-4AB4-9F0F-EC573CB28774}"
EndProject
Project("{9A19103F-16F7-4668-BE54-9A1E7A4F7556}") = "Sashimi.Tests", "Sashimi.Tests\Sashimi.Tests.csproj", "{E50CCCAB-0325-49D9-B477-B660129FB7AA}"
EndProject
Global
	GlobalSection(SolutionConfigurationPlatforms) = preSolution
		Debug|Any CPU = Debug|Any CPU
		Release|Any CPU = Release|Any CPU
	EndGlobalSection
	GlobalSection(ProjectConfigurationPlatforms) = postSolution
		{0509DFA6-A6A6-4FA6-8061-D2C88F12E3A4}.Debug|Any CPU.ActiveCfg = Debug|Any CPU
		{0509DFA6-A6A6-4FA6-8061-D2C88F12E3A4}.Debug|Any CPU.Build.0 = Debug|Any CPU
		{0509DFA6-A6A6-4FA6-8061-D2C88F12E3A4}.Release|Any CPU.ActiveCfg = Release|Any CPU
		{0509DFA6-A6A6-4FA6-8061-D2C88F12E3A4}.Release|Any CPU.Build.0 = Release|Any CPU
		{15DB1404-AED6-4268-B85C-19813D4A7137}.Debug|Any CPU.ActiveCfg = Debug|Any CPU
		{15DB1404-AED6-4268-B85C-19813D4A7137}.Debug|Any CPU.Build.0 = Debug|Any CPU
		{15DB1404-AED6-4268-B85C-19813D4A7137}.Release|Any CPU.ActiveCfg = Release|Any CPU
		{15DB1404-AED6-4268-B85C-19813D4A7137}.Release|Any CPU.Build.0 = Release|Any CPU
		{AAC62ABD-E001-4AB4-9F0F-EC573CB28774}.Debug|Any CPU.ActiveCfg = Debug|Any CPU
		{AAC62ABD-E001-4AB4-9F0F-EC573CB28774}.Debug|Any CPU.Build.0 = Debug|Any CPU
		{AAC62ABD-E001-4AB4-9F0F-EC573CB28774}.Release|Any CPU.ActiveCfg = Release|Any CPU
		{AAC62ABD-E001-4AB4-9F0F-EC573CB28774}.Release|Any CPU.Build.0 = Release|Any CPU
		{E50CCCAB-0325-49D9-B477-B660129FB7AA}.Debug|Any CPU.ActiveCfg = Debug|Any CPU
		{E50CCCAB-0325-49D9-B477-B660129FB7AA}.Debug|Any CPU.Build.0 = Debug|Any CPU
		{E50CCCAB-0325-49D9-B477-B660129FB7AA}.Release|Any CPU.ActiveCfg = Release|Any CPU
		{E50CCCAB-0325-49D9-B477-B660129FB7AA}.Release|Any CPU.Build.0 = Release|Any CPU
	EndGlobalSection
	GlobalSection(SolutionProperties) = preSolution
		HideSolutionNode = FALSE
	EndGlobalSection
	GlobalSection(ExtensibilityGlobals) = postSolution
		SolutionGuid = {98381729-61E5-4B59-A4B5-3FEF1203E673}
	EndGlobalSection
EndGlobal
