Microsoft Visual Studio Solution File, Format Version 12.00
# Visual Studio 14
VisualStudioVersion = 14.0.25420.1
MinimumVisualStudioVersion = 10.0.40219.1
Project("{2150E333-8FDC-42A3-9474-1A3956D46DE8}") = ".nuget", ".nuget", "{7E20695C-37DE-4E44-B924-2067FA5AD454}"
	ProjectSection(SolutionItems) = preProject
		..\NuGet.Config = ..\NuGet.Config
	EndProjectSection
EndProject
Project("{8BB2217D-0F2D-49D1-97BC-3654ED321F3B}") = "Calamari", "Calamari\Calamari.xproj", "{79CE5CFA-E3FF-4376-8B49-AC1005C3E189}"
EndProject
Project("{2150E333-8FDC-42A3-9474-1A3956D46DE8}") = "Solution Items", "Solution Items", "{4D40F650-1ABE-41E8-A99C-45C9A8D89B20}"
	ProjectSection(SolutionItems) = preProject
		..\.gitattributes = ..\.gitattributes
		..\.gitignore = ..\.gitignore
		..\LICENSE = ..\LICENSE
		..\README.md = ..\README.md
		Solution Items\SolutionInfo.cs = Solution Items\SolutionInfo.cs
		Solution Items\VersionInfo.cs = Solution Items\VersionInfo.cs
	EndProjectSection
EndProject
Project("{8BB2217D-0F2D-49D1-97BC-3654ED321F3B}") = "Calamari.Tests", "Calamari.Tests\Calamari.Tests.xproj", "{5F1E9F19-2FE4-40DE-AA15-12E2C77634BF}"
EndProject
Project("{2150E333-8FDC-42A3-9474-1A3956D46DE8}") = "Build", "Build", "{EEBCEA71-F5DB-4EE8-A80F-DA47C9B6762D}"
	ProjectSection(SolutionItems) = preProject
		..\build.cake = ..\build.cake
		..\build.cmd = ..\build.cmd
		..\build.ps1 = ..\build.ps1
		..\build.sh = ..\build.sh
		..\GitVersion.yaml = ..\GitVersion.yaml
	EndProjectSection
EndProject
Project("{8BB2217D-0F2D-49D1-97BC-3654ED321F3B}") = "Calamari.Azure", "Calamari.Azure\Calamari.Azure.xproj", "{E58A81EC-2C83-49E4-8DD4-877E68E0759B}"
EndProject
Project("{8BB2217D-0F2D-49D1-97BC-3654ED321F3B}") = "Calamari.Extensibility", "Calamari.Extensibility\Calamari.Extensibility.xproj", "{32682237-96C0-4703-A229-C5C40882ED6B}"
EndProject
Project("{8BB2217D-0F2D-49D1-97BC-3654ED321F3B}") = "Calamari.Extensibility.IIS", "Calamari.Extensibility.IIS\Calamari.Extensibility.IIS.xproj", "{C7ADC13F-33AC-4E95-8B0A-7943C516A269}"
EndProject
Project("{8BB2217D-0F2D-49D1-97BC-3654ED321F3B}") = "Calamari.Extensibility.IIS.Tests", "Calamari.Extensibility.IIS.Tests\Calamari.Extensibility.IIS.Tests.xproj", "{691D6FCB-0812-4023-BD88-E3F436BD804F}"
EndProject
Project("{8BB2217D-0F2D-49D1-97BC-3654ED321F3B}") = "Calamari.Utilities", "Calamari.Utilities\Calamari.Utilities.xproj", "{6AE95C98-7582-49E2-83E7-A0C3C71ED4CB}"
EndProject
Project("{8BB2217D-0F2D-49D1-97BC-3654ED321F3B}") = "Calamari.Extensibility.Docker", "Calamari.Extensibility.Docker\Calamari.Extensibility.Docker.xproj", "{A25DCD66-23A6-4C96-8D2D-9D894EC35865}"
EndProject
Project("{8BB2217D-0F2D-49D1-97BC-3654ED321F3B}") = "Calamari.Extensibility.Docker.Tests", "Calamari.Extensibility.Docker.Tests\Calamari.Extensibility.Docker.Tests.xproj", "{3A7E6ED6-A221-44C1-B290-453AD8A92DB8}"
EndProject
Project("{8BB2217D-0F2D-49D1-97BC-3654ED321F3B}") = "Calamari.IntegrationTests", "Calamari.IntegrationTests\Calamari.IntegrationTests.xproj", "{09BA1807-D194-4B43-AFF4-60909D713E96}"
EndProject
Project("{8BB2217D-0F2D-49D1-97BC-3654ED321F3B}") = "Calamari.Extensibility.FakeFeatures", "Calamari.Extensibility.FakeFeatures\Calamari.Extensibility.FakeFeatures.xproj", "{D864D58A-8420-4A65-B640-10D55FAC7CCB}"
EndProject
Global
	GlobalSection(SolutionConfigurationPlatforms) = preSolution
		Debug|Any CPU = Debug|Any CPU
		Release|Any CPU = Release|Any CPU
	EndGlobalSection
	GlobalSection(ProjectConfigurationPlatforms) = postSolution
		{79CE5CFA-E3FF-4376-8B49-AC1005C3E189}.Debug|Any CPU.ActiveCfg = Debug|Any CPU
		{79CE5CFA-E3FF-4376-8B49-AC1005C3E189}.Debug|Any CPU.Build.0 = Debug|Any CPU
		{79CE5CFA-E3FF-4376-8B49-AC1005C3E189}.Release|Any CPU.ActiveCfg = Release|Any CPU
		{79CE5CFA-E3FF-4376-8B49-AC1005C3E189}.Release|Any CPU.Build.0 = Release|Any CPU
		{5F1E9F19-2FE4-40DE-AA15-12E2C77634BF}.Debug|Any CPU.ActiveCfg = Debug|Any CPU
		{5F1E9F19-2FE4-40DE-AA15-12E2C77634BF}.Debug|Any CPU.Build.0 = Debug|Any CPU
		{5F1E9F19-2FE4-40DE-AA15-12E2C77634BF}.Release|Any CPU.ActiveCfg = Release|Any CPU
		{5F1E9F19-2FE4-40DE-AA15-12E2C77634BF}.Release|Any CPU.Build.0 = Release|Any CPU
		{E58A81EC-2C83-49E4-8DD4-877E68E0759B}.Debug|Any CPU.ActiveCfg = Debug|Any CPU
		{E58A81EC-2C83-49E4-8DD4-877E68E0759B}.Debug|Any CPU.Build.0 = Debug|Any CPU
		{E58A81EC-2C83-49E4-8DD4-877E68E0759B}.Release|Any CPU.ActiveCfg = Release|Any CPU
		{E58A81EC-2C83-49E4-8DD4-877E68E0759B}.Release|Any CPU.Build.0 = Release|Any CPU
		{32682237-96C0-4703-A229-C5C40882ED6B}.Debug|Any CPU.ActiveCfg = Debug|Any CPU
		{32682237-96C0-4703-A229-C5C40882ED6B}.Debug|Any CPU.Build.0 = Debug|Any CPU
		{32682237-96C0-4703-A229-C5C40882ED6B}.Release|Any CPU.ActiveCfg = Release|Any CPU
		{32682237-96C0-4703-A229-C5C40882ED6B}.Release|Any CPU.Build.0 = Release|Any CPU
		{C7ADC13F-33AC-4E95-8B0A-7943C516A269}.Debug|Any CPU.ActiveCfg = Debug|Any CPU
		{C7ADC13F-33AC-4E95-8B0A-7943C516A269}.Debug|Any CPU.Build.0 = Debug|Any CPU
		{C7ADC13F-33AC-4E95-8B0A-7943C516A269}.Release|Any CPU.ActiveCfg = Release|Any CPU
		{C7ADC13F-33AC-4E95-8B0A-7943C516A269}.Release|Any CPU.Build.0 = Release|Any CPU
		{691D6FCB-0812-4023-BD88-E3F436BD804F}.Debug|Any CPU.ActiveCfg = Debug|Any CPU
		{691D6FCB-0812-4023-BD88-E3F436BD804F}.Debug|Any CPU.Build.0 = Debug|Any CPU
		{691D6FCB-0812-4023-BD88-E3F436BD804F}.Release|Any CPU.ActiveCfg = Release|Any CPU
		{691D6FCB-0812-4023-BD88-E3F436BD804F}.Release|Any CPU.Build.0 = Release|Any CPU
		{6AE95C98-7582-49E2-83E7-A0C3C71ED4CB}.Debug|Any CPU.ActiveCfg = Debug|Any CPU
		{6AE95C98-7582-49E2-83E7-A0C3C71ED4CB}.Debug|Any CPU.Build.0 = Debug|Any CPU
		{6AE95C98-7582-49E2-83E7-A0C3C71ED4CB}.Release|Any CPU.ActiveCfg = Release|Any CPU
		{6AE95C98-7582-49E2-83E7-A0C3C71ED4CB}.Release|Any CPU.Build.0 = Release|Any CPU
		{A25DCD66-23A6-4C96-8D2D-9D894EC35865}.Debug|Any CPU.ActiveCfg = Debug|Any CPU
		{A25DCD66-23A6-4C96-8D2D-9D894EC35865}.Debug|Any CPU.Build.0 = Debug|Any CPU
		{A25DCD66-23A6-4C96-8D2D-9D894EC35865}.Release|Any CPU.ActiveCfg = Release|Any CPU
		{A25DCD66-23A6-4C96-8D2D-9D894EC35865}.Release|Any CPU.Build.0 = Release|Any CPU
		{3A7E6ED6-A221-44C1-B290-453AD8A92DB8}.Debug|Any CPU.ActiveCfg = Debug|Any CPU
		{3A7E6ED6-A221-44C1-B290-453AD8A92DB8}.Debug|Any CPU.Build.0 = Debug|Any CPU
		{3A7E6ED6-A221-44C1-B290-453AD8A92DB8}.Release|Any CPU.ActiveCfg = Release|Any CPU
		{3A7E6ED6-A221-44C1-B290-453AD8A92DB8}.Release|Any CPU.Build.0 = Release|Any CPU
		{09BA1807-D194-4B43-AFF4-60909D713E96}.Debug|Any CPU.ActiveCfg = Debug|Any CPU
		{09BA1807-D194-4B43-AFF4-60909D713E96}.Debug|Any CPU.Build.0 = Debug|Any CPU
		{09BA1807-D194-4B43-AFF4-60909D713E96}.Release|Any CPU.ActiveCfg = Release|Any CPU
		{09BA1807-D194-4B43-AFF4-60909D713E96}.Release|Any CPU.Build.0 = Release|Any CPU
		{D864D58A-8420-4A65-B640-10D55FAC7CCB}.Debug|Any CPU.ActiveCfg = Debug|Any CPU
		{D864D58A-8420-4A65-B640-10D55FAC7CCB}.Debug|Any CPU.Build.0 = Debug|Any CPU
		{D864D58A-8420-4A65-B640-10D55FAC7CCB}.Release|Any CPU.ActiveCfg = Release|Any CPU
		{D864D58A-8420-4A65-B640-10D55FAC7CCB}.Release|Any CPU.Build.0 = Release|Any CPU
	EndGlobalSection
	GlobalSection(SolutionProperties) = preSolution
		HideSolutionNode = FALSE
	EndGlobalSection
EndGlobal
