
Microsoft Visual Studio Solution File, Format Version 12.00
# Visual Studio Version 16
VisualStudioVersion = 16.0.29920.165
MinimumVisualStudioVersion = 10.0.40219.1
Project("{9A19103F-16F7-4668-BE54-9A1E7A4F7556}") = "Sashimi.Server.Contracts", "Server.Contracts\Sashimi.Server.Contracts.csproj", "{59B028A9-5DD5-477F-9845-B0927D02E3CF}"
EndProject
Project("{9A19103F-16F7-4668-BE54-9A1E7A4F7556}") = "Sashimi.Tests.Shared", "Sashimi.Tests.Shared\Sashimi.Tests.Shared.csproj", "{2FA9B655-E72A-416E-AD0B-9A581AF8C4DB}"
EndProject
Project("{2150E333-8FDC-42A3-9474-1A3956D46DE8}") = "_", "_", "{A5977E44-894E-4B70-AE3A-78B514B44274}"
	ProjectSection(SolutionItems) = preProject
		..\.gitattributes = ..\.gitattributes
		..\.gitignore = ..\.gitignore
		..\build.cake = ..\build.cake
		..\build.cmd = ..\build.cmd
		..\build.ps1 = ..\build.ps1
		..\CODEOWNERS = ..\CODEOWNERS
		Directory.Build.props = Directory.Build.props
		..\gitversion.yml = ..\gitversion.yml
		..\readme.md = ..\readme.md
	EndProjectSection
EndProject
Project("{9A19103F-16F7-4668-BE54-9A1E7A4F7556}") = "Calamari.Tests.Shared", "Calamari.Tests.Shared\Calamari.Tests.Shared.csproj", "{6EC56FF1-BE19-42F3-A40B-FAF6A870E0F1}"
EndProject
Project("{9A19103F-16F7-4668-BE54-9A1E7A4F7556}") = "Sashimi.Azure.Common", "Azure.Common\Sashimi.Azure.Common.csproj", "{11521671-2469-40C3-94F4-7EDC83670DD8}"
EndProject
Project("{9A19103F-16F7-4668-BE54-9A1E7A4F7556}") = "Sashimi.Aws.Common", "Aws.Common\Sashimi.Aws.Common.csproj", "{EF64A3BD-9FF7-45E9-96D4-B3DC446C032E}"
EndProject
Project("{2150E333-8FDC-42A3-9474-1A3956D46DE8}") = "Azure", "Azure", "{6288E064-DE6F-4012-B887-64B364482B5C}"
EndProject
Project("{9A19103F-16F7-4668-BE54-9A1E7A4F7556}") = "Sashimi.Azure", "Sashimi.Azure\Sashimi.Azure.csproj", "{E79F91CA-CD16-4068-8170-C66804533720}"
EndProject
Project("{9A19103F-16F7-4668-BE54-9A1E7A4F7556}") = "Sashimi.Azure.Tests", "Sashimi.Azure.Tests\Sashimi.Azure.Tests.csproj", "{54EF951A-AA50-4ED2-BB79-C9CBC70BCA65}"
EndProject
Project("{2150E333-8FDC-42A3-9474-1A3956D46DE8}") = "AzureWebApp", "AzureWebApp", "{3E14A387-C500-4486-A7AE-BA0C5F95B344}"
EndProject
Project("{9A19103F-16F7-4668-BE54-9A1E7A4F7556}") = "Sashimi.AzureWebApp", "Sashimi.AzureWebApp\Sashimi.AzureWebApp.csproj", "{0D4CB9A4-309E-472C-89CD-A49232E3FC48}"
EndProject
Project("{2150E333-8FDC-42A3-9474-1A3956D46DE8}") = "AzureServiceFabric", "AzureServiceFabric", "{2A807B6D-3E41-4758-AFA8-433C055F96B7}"
EndProject
Project("{9A19103F-16F7-4668-BE54-9A1E7A4F7556}") = "Sashimi.AzureServiceFabric", "Sashimi.AzureServiceFabric\Sashimi.AzureServiceFabric.csproj", "{0D858717-4002-49FA-B80C-346244D15E4A}"
EndProject
Project("{2150E333-8FDC-42A3-9474-1A3956D46DE8}") = "AzureCloudService", "AzureCloudService", "{937741D4-BF0F-4073-A101-8E52141FCD28}"
EndProject
Project("{9A19103F-16F7-4668-BE54-9A1E7A4F7556}") = "Sashimi.AzureCloudService", "Sashimi.AzureCloudService\Sashimi.AzureCloudService.csproj", "{1741C587-FED8-4324-85F4-06DC24CE1680}"
EndProject
Project("{9A19103F-16F7-4668-BE54-9A1E7A4F7556}") = "Sashimi.Azure.Accounts", "Sashimi.Azure.Accounts\Sashimi.Azure.Accounts.csproj", "{2BF290BD-9231-4895-AF83-6B15BF24EE0D}"
EndProject
Project("{9A19103F-16F7-4668-BE54-9A1E7A4F7556}") = "Sashimi.Aws.Accounts", "Sashimi.Aws.Accounts\Sashimi.Aws.Accounts.csproj", "{D2C212C6-4F29-44EB-82A9-6580A7E30C6C}"
EndProject
Project("{9A19103F-16F7-4668-BE54-9A1E7A4F7556}") = "Sashimi.AzureServiceFabric.Tests", "Sashimi.AzureServiceFabric.Tests\Sashimi.AzureServiceFabric.Tests.csproj", "{64333AEE-137E-4885-95AA-B67998AE0674}"
EndProject
Project("{9A19103F-16F7-4668-BE54-9A1E7A4F7556}") = "Calamari.AzureCloudService", "Calamari.AzureCloudService\Calamari.AzureCloudService.csproj", "{149F5282-0950-430B-BBC5-80A18CBEB5EF}"
EndProject
Project("{9A19103F-16F7-4668-BE54-9A1E7A4F7556}") = "Calamari.AzureServiceFabric", "Calamari.AzureServiceFabric\Calamari.AzureServiceFabric.csproj", "{7C77F3F9-8E5B-4768-9805-3A6B7DA02CEC}"
EndProject
Project("{9A19103F-16F7-4668-BE54-9A1E7A4F7556}") = "Calamari.AzureWebApp", "Calamari.AzureWebApp\Calamari.AzureWebApp.csproj", "{65F03C26-08A3-42C6-ABB1-3103C93AF591}"
EndProject
Project("{9A19103F-16F7-4668-BE54-9A1E7A4F7556}") = "Sashimi.Tests.Shared.Tests", "Sashimi.Tests.Shared.Tests\Sashimi.Tests.Shared.Tests.csproj", "{2AB23BC9-DC28-45F5-A854-1181EE5BE917}"
EndProject
Project("{9A19103F-16F7-4668-BE54-9A1E7A4F7556}") = "Sashimi.AzureCloudService.Tests", "Sashimi.AzureCloudService.Tests\Sashimi.AzureCloudService.Tests.csproj", "{1B20EF4A-DFEB-42DE-A23F-A3AF51E53F56}"
EndProject
Project("{9A19103F-16F7-4668-BE54-9A1E7A4F7556}") = "Sashimi.AzureWebApp.Tests", "Sashimi.AzureWebApp.Tests\Sashimi.AzureWebApp.Tests.csproj", "{E1598B39-5116-473F-8E05-3E2C18791D2D}"
EndProject
Project("{9A19103F-16F7-4668-BE54-9A1E7A4F7556}") = "Calamari.AzureCloudService.Tests", "Calamari.AzureCloudService.Tests\Calamari.AzureCloudService.Tests.csproj", "{41DEE880-5505-43B4-8366-C8B14EC92B17}"
EndProject
Project("{9A19103F-16F7-4668-BE54-9A1E7A4F7556}") = "Calamari.AzureWebApp.Tests", "Calamari.AzureWebApp.Tests\Calamari.AzureWebApp.Tests.csproj", "{5EB8506B-0DDB-490C-A3B7-BCA6098FA4AD}"
EndProject
Project("{2150E333-8FDC-42A3-9474-1A3956D46DE8}") = "AzureScripting", "AzureScripting", "{3E05AC5A-99C4-4C1A-9099-17AA71E8D644}"
EndProject
Project("{FAE04EC0-301F-11D3-BF4B-00C04F79EFBC}") = "Calamari.AzureScripting", "Calamari.AzureScripting\Calamari.AzureScripting.csproj", "{238BD45A-A67D-474D-847D-87F72B64772F}"
EndProject
Project("{FAE04EC0-301F-11D3-BF4B-00C04F79EFBC}") = "Sashimi.AzureScripting", "Sashimi.AzureScripting\Sashimi.AzureScripting.csproj", "{D229E77B-3607-437B-91D0-598BFDD0F091}"
EndProject
Project("{FAE04EC0-301F-11D3-BF4B-00C04F79EFBC}") = "Sashimi.AzureScripting.Tests", "Sashimi.AzureScripting.Tests\Sashimi.AzureScripting.Tests.csproj", "{58C49A1A-6705-4485-BFE3-5CB73FAEC99B}"
Project("{FAE04EC0-301F-11D3-BF4B-00C04F79EFBC}") = "Sashimi.Azure.Accounts.Tests", "Sashimi.Azure.Accounts.Tests\Sashimi.Azure.Accounts.Tests.csproj", "{8F446BB8-26D6-480C-BAFC-FD2D75A70655}"
EndProject
Project("{FAE04EC0-301F-11D3-BF4B-00C04F79EFBC}") = "Sashimi.Aws.Accounts.Tests", "Sashimi.Aws.Accounts.Tests\Sashimi.Aws.Accounts.Tests.csproj", "{ABC25247-2CA6-4497-9EDF-97C8B236EF00}"
EndProject
Global
	GlobalSection(SolutionConfigurationPlatforms) = preSolution
		Debug|Any CPU = Debug|Any CPU
		Release|Any CPU = Release|Any CPU
	EndGlobalSection
	GlobalSection(ProjectConfigurationPlatforms) = postSolution
		{59B028A9-5DD5-477F-9845-B0927D02E3CF}.Debug|Any CPU.ActiveCfg = Debug|Any CPU
		{59B028A9-5DD5-477F-9845-B0927D02E3CF}.Debug|Any CPU.Build.0 = Debug|Any CPU
		{59B028A9-5DD5-477F-9845-B0927D02E3CF}.Release|Any CPU.ActiveCfg = Release|Any CPU
		{59B028A9-5DD5-477F-9845-B0927D02E3CF}.Release|Any CPU.Build.0 = Release|Any CPU
		{2FA9B655-E72A-416E-AD0B-9A581AF8C4DB}.Debug|Any CPU.ActiveCfg = Debug|Any CPU
		{2FA9B655-E72A-416E-AD0B-9A581AF8C4DB}.Debug|Any CPU.Build.0 = Debug|Any CPU
		{2FA9B655-E72A-416E-AD0B-9A581AF8C4DB}.Release|Any CPU.ActiveCfg = Release|Any CPU
		{2FA9B655-E72A-416E-AD0B-9A581AF8C4DB}.Release|Any CPU.Build.0 = Release|Any CPU
		{6EC56FF1-BE19-42F3-A40B-FAF6A870E0F1}.Debug|Any CPU.ActiveCfg = Debug|Any CPU
		{6EC56FF1-BE19-42F3-A40B-FAF6A870E0F1}.Debug|Any CPU.Build.0 = Debug|Any CPU
		{6EC56FF1-BE19-42F3-A40B-FAF6A870E0F1}.Release|Any CPU.ActiveCfg = Release|Any CPU
		{6EC56FF1-BE19-42F3-A40B-FAF6A870E0F1}.Release|Any CPU.Build.0 = Release|Any CPU
		{11521671-2469-40C3-94F4-7EDC83670DD8}.Debug|Any CPU.ActiveCfg = Debug|Any CPU
		{11521671-2469-40C3-94F4-7EDC83670DD8}.Debug|Any CPU.Build.0 = Debug|Any CPU
		{11521671-2469-40C3-94F4-7EDC83670DD8}.Release|Any CPU.ActiveCfg = Release|Any CPU
		{11521671-2469-40C3-94F4-7EDC83670DD8}.Release|Any CPU.Build.0 = Release|Any CPU
		{EF64A3BD-9FF7-45E9-96D4-B3DC446C032E}.Debug|Any CPU.ActiveCfg = Debug|Any CPU
		{EF64A3BD-9FF7-45E9-96D4-B3DC446C032E}.Debug|Any CPU.Build.0 = Debug|Any CPU
		{EF64A3BD-9FF7-45E9-96D4-B3DC446C032E}.Release|Any CPU.ActiveCfg = Release|Any CPU
		{EF64A3BD-9FF7-45E9-96D4-B3DC446C032E}.Release|Any CPU.Build.0 = Release|Any CPU
		{E79F91CA-CD16-4068-8170-C66804533720}.Debug|Any CPU.ActiveCfg = Debug|Any CPU
		{E79F91CA-CD16-4068-8170-C66804533720}.Debug|Any CPU.Build.0 = Debug|Any CPU
		{E79F91CA-CD16-4068-8170-C66804533720}.Release|Any CPU.ActiveCfg = Release|Any CPU
		{E79F91CA-CD16-4068-8170-C66804533720}.Release|Any CPU.Build.0 = Release|Any CPU
		{54EF951A-AA50-4ED2-BB79-C9CBC70BCA65}.Debug|Any CPU.ActiveCfg = Debug|Any CPU
		{54EF951A-AA50-4ED2-BB79-C9CBC70BCA65}.Debug|Any CPU.Build.0 = Debug|Any CPU
		{54EF951A-AA50-4ED2-BB79-C9CBC70BCA65}.Release|Any CPU.ActiveCfg = Release|Any CPU
		{54EF951A-AA50-4ED2-BB79-C9CBC70BCA65}.Release|Any CPU.Build.0 = Release|Any CPU
		{0D4CB9A4-309E-472C-89CD-A49232E3FC48}.Debug|Any CPU.ActiveCfg = Debug|Any CPU
		{0D4CB9A4-309E-472C-89CD-A49232E3FC48}.Debug|Any CPU.Build.0 = Debug|Any CPU
		{0D4CB9A4-309E-472C-89CD-A49232E3FC48}.Release|Any CPU.ActiveCfg = Release|Any CPU
		{0D4CB9A4-309E-472C-89CD-A49232E3FC48}.Release|Any CPU.Build.0 = Release|Any CPU
		{0D858717-4002-49FA-B80C-346244D15E4A}.Debug|Any CPU.ActiveCfg = Debug|Any CPU
		{0D858717-4002-49FA-B80C-346244D15E4A}.Debug|Any CPU.Build.0 = Debug|Any CPU
		{0D858717-4002-49FA-B80C-346244D15E4A}.Release|Any CPU.ActiveCfg = Release|Any CPU
		{0D858717-4002-49FA-B80C-346244D15E4A}.Release|Any CPU.Build.0 = Release|Any CPU
		{1741C587-FED8-4324-85F4-06DC24CE1680}.Debug|Any CPU.ActiveCfg = Debug|Any CPU
		{1741C587-FED8-4324-85F4-06DC24CE1680}.Debug|Any CPU.Build.0 = Debug|Any CPU
		{1741C587-FED8-4324-85F4-06DC24CE1680}.Release|Any CPU.ActiveCfg = Release|Any CPU
		{1741C587-FED8-4324-85F4-06DC24CE1680}.Release|Any CPU.Build.0 = Release|Any CPU
		{2BF290BD-9231-4895-AF83-6B15BF24EE0D}.Debug|Any CPU.ActiveCfg = Debug|Any CPU
		{2BF290BD-9231-4895-AF83-6B15BF24EE0D}.Debug|Any CPU.Build.0 = Debug|Any CPU
		{2BF290BD-9231-4895-AF83-6B15BF24EE0D}.Release|Any CPU.ActiveCfg = Release|Any CPU
		{2BF290BD-9231-4895-AF83-6B15BF24EE0D}.Release|Any CPU.Build.0 = Release|Any CPU
		{D2C212C6-4F29-44EB-82A9-6580A7E30C6C}.Debug|Any CPU.ActiveCfg = Debug|Any CPU
		{D2C212C6-4F29-44EB-82A9-6580A7E30C6C}.Debug|Any CPU.Build.0 = Debug|Any CPU
		{D2C212C6-4F29-44EB-82A9-6580A7E30C6C}.Release|Any CPU.ActiveCfg = Release|Any CPU
		{D2C212C6-4F29-44EB-82A9-6580A7E30C6C}.Release|Any CPU.Build.0 = Release|Any CPU
		{64333AEE-137E-4885-95AA-B67998AE0674}.Debug|Any CPU.ActiveCfg = Debug|Any CPU
		{64333AEE-137E-4885-95AA-B67998AE0674}.Debug|Any CPU.Build.0 = Debug|Any CPU
		{64333AEE-137E-4885-95AA-B67998AE0674}.Release|Any CPU.ActiveCfg = Release|Any CPU
		{64333AEE-137E-4885-95AA-B67998AE0674}.Release|Any CPU.Build.0 = Release|Any CPU
		{149F5282-0950-430B-BBC5-80A18CBEB5EF}.Debug|Any CPU.ActiveCfg = Debug|Any CPU
		{149F5282-0950-430B-BBC5-80A18CBEB5EF}.Debug|Any CPU.Build.0 = Debug|Any CPU
		{149F5282-0950-430B-BBC5-80A18CBEB5EF}.Release|Any CPU.ActiveCfg = Release|Any CPU
		{149F5282-0950-430B-BBC5-80A18CBEB5EF}.Release|Any CPU.Build.0 = Release|Any CPU
		{7C77F3F9-8E5B-4768-9805-3A6B7DA02CEC}.Debug|Any CPU.ActiveCfg = Debug|Any CPU
		{7C77F3F9-8E5B-4768-9805-3A6B7DA02CEC}.Debug|Any CPU.Build.0 = Debug|Any CPU
		{7C77F3F9-8E5B-4768-9805-3A6B7DA02CEC}.Release|Any CPU.ActiveCfg = Release|Any CPU
		{7C77F3F9-8E5B-4768-9805-3A6B7DA02CEC}.Release|Any CPU.Build.0 = Release|Any CPU
		{65F03C26-08A3-42C6-ABB1-3103C93AF591}.Debug|Any CPU.ActiveCfg = Debug|Any CPU
		{65F03C26-08A3-42C6-ABB1-3103C93AF591}.Debug|Any CPU.Build.0 = Debug|Any CPU
		{65F03C26-08A3-42C6-ABB1-3103C93AF591}.Release|Any CPU.ActiveCfg = Release|Any CPU
		{65F03C26-08A3-42C6-ABB1-3103C93AF591}.Release|Any CPU.Build.0 = Release|Any CPU
		{2AB23BC9-DC28-45F5-A854-1181EE5BE917}.Debug|Any CPU.ActiveCfg = Debug|Any CPU
		{2AB23BC9-DC28-45F5-A854-1181EE5BE917}.Debug|Any CPU.Build.0 = Debug|Any CPU
		{2AB23BC9-DC28-45F5-A854-1181EE5BE917}.Release|Any CPU.ActiveCfg = Release|Any CPU
		{2AB23BC9-DC28-45F5-A854-1181EE5BE917}.Release|Any CPU.Build.0 = Release|Any CPU
		{1B20EF4A-DFEB-42DE-A23F-A3AF51E53F56}.Debug|Any CPU.ActiveCfg = Debug|Any CPU
		{1B20EF4A-DFEB-42DE-A23F-A3AF51E53F56}.Debug|Any CPU.Build.0 = Debug|Any CPU
		{1B20EF4A-DFEB-42DE-A23F-A3AF51E53F56}.Release|Any CPU.ActiveCfg = Release|Any CPU
		{1B20EF4A-DFEB-42DE-A23F-A3AF51E53F56}.Release|Any CPU.Build.0 = Release|Any CPU
		{E1598B39-5116-473F-8E05-3E2C18791D2D}.Debug|Any CPU.ActiveCfg = Debug|Any CPU
		{E1598B39-5116-473F-8E05-3E2C18791D2D}.Debug|Any CPU.Build.0 = Debug|Any CPU
		{E1598B39-5116-473F-8E05-3E2C18791D2D}.Release|Any CPU.ActiveCfg = Release|Any CPU
		{E1598B39-5116-473F-8E05-3E2C18791D2D}.Release|Any CPU.Build.0 = Release|Any CPU
		{41DEE880-5505-43B4-8366-C8B14EC92B17}.Debug|Any CPU.ActiveCfg = Debug|Any CPU
		{41DEE880-5505-43B4-8366-C8B14EC92B17}.Debug|Any CPU.Build.0 = Debug|Any CPU
		{41DEE880-5505-43B4-8366-C8B14EC92B17}.Release|Any CPU.ActiveCfg = Release|Any CPU
		{41DEE880-5505-43B4-8366-C8B14EC92B17}.Release|Any CPU.Build.0 = Release|Any CPU
		{5EB8506B-0DDB-490C-A3B7-BCA6098FA4AD}.Debug|Any CPU.ActiveCfg = Debug|Any CPU
		{5EB8506B-0DDB-490C-A3B7-BCA6098FA4AD}.Debug|Any CPU.Build.0 = Debug|Any CPU
		{5EB8506B-0DDB-490C-A3B7-BCA6098FA4AD}.Release|Any CPU.ActiveCfg = Release|Any CPU
		{5EB8506B-0DDB-490C-A3B7-BCA6098FA4AD}.Release|Any CPU.Build.0 = Release|Any CPU
		{238BD45A-A67D-474D-847D-87F72B64772F}.Debug|Any CPU.ActiveCfg = Debug|Any CPU
		{238BD45A-A67D-474D-847D-87F72B64772F}.Debug|Any CPU.Build.0 = Debug|Any CPU
		{238BD45A-A67D-474D-847D-87F72B64772F}.Release|Any CPU.ActiveCfg = Release|Any CPU
		{238BD45A-A67D-474D-847D-87F72B64772F}.Release|Any CPU.Build.0 = Release|Any CPU
		{D229E77B-3607-437B-91D0-598BFDD0F091}.Debug|Any CPU.ActiveCfg = Debug|Any CPU
		{D229E77B-3607-437B-91D0-598BFDD0F091}.Debug|Any CPU.Build.0 = Debug|Any CPU
		{D229E77B-3607-437B-91D0-598BFDD0F091}.Release|Any CPU.ActiveCfg = Release|Any CPU
		{D229E77B-3607-437B-91D0-598BFDD0F091}.Release|Any CPU.Build.0 = Release|Any CPU
		{58C49A1A-6705-4485-BFE3-5CB73FAEC99B}.Debug|Any CPU.ActiveCfg = Debug|Any CPU
		{58C49A1A-6705-4485-BFE3-5CB73FAEC99B}.Debug|Any CPU.Build.0 = Debug|Any CPU
		{58C49A1A-6705-4485-BFE3-5CB73FAEC99B}.Release|Any CPU.ActiveCfg = Release|Any CPU
		{58C49A1A-6705-4485-BFE3-5CB73FAEC99B}.Release|Any CPU.Build.0 = Release|Any CPU
		{8F446BB8-26D6-480C-BAFC-FD2D75A70655}.Debug|Any CPU.ActiveCfg = Debug|Any CPU
		{8F446BB8-26D6-480C-BAFC-FD2D75A70655}.Debug|Any CPU.Build.0 = Debug|Any CPU
		{8F446BB8-26D6-480C-BAFC-FD2D75A70655}.Release|Any CPU.ActiveCfg = Release|Any CPU
		{8F446BB8-26D6-480C-BAFC-FD2D75A70655}.Release|Any CPU.Build.0 = Release|Any CPU
		{ABC25247-2CA6-4497-9EDF-97C8B236EF00}.Debug|Any CPU.ActiveCfg = Debug|Any CPU
		{ABC25247-2CA6-4497-9EDF-97C8B236EF00}.Debug|Any CPU.Build.0 = Debug|Any CPU
		{ABC25247-2CA6-4497-9EDF-97C8B236EF00}.Release|Any CPU.ActiveCfg = Release|Any CPU
		{ABC25247-2CA6-4497-9EDF-97C8B236EF00}.Release|Any CPU.Build.0 = Release|Any CPU
	EndGlobalSection
	GlobalSection(SolutionProperties) = preSolution
		HideSolutionNode = FALSE
	EndGlobalSection
	GlobalSection(NestedProjects) = preSolution
		{E79F91CA-CD16-4068-8170-C66804533720} = {6288E064-DE6F-4012-B887-64B364482B5C}
		{54EF951A-AA50-4ED2-BB79-C9CBC70BCA65} = {6288E064-DE6F-4012-B887-64B364482B5C}
		{0D4CB9A4-309E-472C-89CD-A49232E3FC48} = {3E14A387-C500-4486-A7AE-BA0C5F95B344}
		{0D858717-4002-49FA-B80C-346244D15E4A} = {2A807B6D-3E41-4758-AFA8-433C055F96B7}
		{1741C587-FED8-4324-85F4-06DC24CE1680} = {937741D4-BF0F-4073-A101-8E52141FCD28}
		{64333AEE-137E-4885-95AA-B67998AE0674} = {2A807B6D-3E41-4758-AFA8-433C055F96B7}
		{149F5282-0950-430B-BBC5-80A18CBEB5EF} = {937741D4-BF0F-4073-A101-8E52141FCD28}
		{7C77F3F9-8E5B-4768-9805-3A6B7DA02CEC} = {2A807B6D-3E41-4758-AFA8-433C055F96B7}
		{65F03C26-08A3-42C6-ABB1-3103C93AF591} = {3E14A387-C500-4486-A7AE-BA0C5F95B344}
		{1B20EF4A-DFEB-42DE-A23F-A3AF51E53F56} = {937741D4-BF0F-4073-A101-8E52141FCD28}
		{E1598B39-5116-473F-8E05-3E2C18791D2D} = {3E14A387-C500-4486-A7AE-BA0C5F95B344}
		{41DEE880-5505-43B4-8366-C8B14EC92B17} = {937741D4-BF0F-4073-A101-8E52141FCD28}
		{5EB8506B-0DDB-490C-A3B7-BCA6098FA4AD} = {3E14A387-C500-4486-A7AE-BA0C5F95B344}
		{238BD45A-A67D-474D-847D-87F72B64772F} = {3E05AC5A-99C4-4C1A-9099-17AA71E8D644}
		{D229E77B-3607-437B-91D0-598BFDD0F091} = {3E05AC5A-99C4-4C1A-9099-17AA71E8D644}
		{58C49A1A-6705-4485-BFE3-5CB73FAEC99B} = {3E05AC5A-99C4-4C1A-9099-17AA71E8D644}
	EndGlobalSection
	GlobalSection(ExtensibilityGlobals) = postSolution
		SolutionGuid = {F8108764-E787-43A4-A43A-2BB5540615E8}
		{E79F91CA-CD16-4068-8170-C66804533720} = {6288E064-DE6F-4012-B887-64B364482B5C}
		{54EF951A-AA50-4ED2-BB79-C9CBC70BCA65} = {6288E064-DE6F-4012-B887-64B364482B5C}
	EndGlobalSection
EndGlobal
