
Microsoft Visual Studio Solution File, Format Version 12.00
Project("{FAE04EC0-301F-11D3-BF4B-00C04F79EFBC}") = "Sashimi.Server.Contracts", "Server.Contracts\Sashimi.Server.Contracts.csproj", "{59B028A9-5DD5-477F-9845-B0927D02E3CF}"
EndProject
Global
	GlobalSection(SolutionConfigurationPlatforms) = preSolution
		Debug|Any CPU = Debug|Any CPU
		Release|Any CPU = Release|Any CPU
	EndGlobalSection
	GlobalSection(ProjectConfigurationPlatforms) = postSolution
		{59B028A9-5DD5-477F-9845-B0927D02E3CF}.Debug|Any CPU.ActiveCfg = Debug|Any CPU
		{59B028A9-5DD5-477F-9845-B0927D02E3CF}.Debug|Any CPU.Build.0 = Debug|Any CPU
		{59B028A9-5DD5-477F-9845-B0927D02E3CF}.Release|Any CPU.ActiveCfg = Release|Any CPU
		{59B028A9-5DD5-477F-9845-B0927D02E3CF}.Release|Any CPU.Build.0 = Release|Any CPU
	EndGlobalSection
EndGlobal
