
Microsoft Visual Studio Solution File, Format Version 12.00
Project("{FAE04EC0-301F-11D3-BF4B-00C04F79EFBC}") = "Sashimi.Server.Contracts", "Server.Contracts\Sashimi.Server.Contracts.csproj", "{59B028A9-5DD5-477F-9845-B0927D02E3CF}"
EndProject
Project("{2150E333-8FDC-42A3-9474-1A3956D46DE8}") = "Terraform", "Terraform", "{06CB7580-EC1B-44C3-93BC-0F58E6582EA1}"
EndProject
Project("{FAE04EC0-301F-11D3-BF4B-00C04F79EFBC}") = "Sashimi.Terraform", "Sashimi.Terraform\Sashimi.Terraform.csproj", "{44851CEC-89D0-4D76-8BBA-2206308974D1}"
EndProject
Project("{FAE04EC0-301F-11D3-BF4B-00C04F79EFBC}") = "Sashimi.Terraform.Tests", "Sashimi.Terraform.Tests\Sashimi.Terraform.Tests.csproj", "{C25C8D0B-7203-4BC4-A86F-7558FF890089}"
EndProject
Project("{FAE04EC0-301F-11D3-BF4B-00C04F79EFBC}") = "Sashimi.Tests.Shared", "Sashimi.Tests.Shared\Sashimi.Tests.Shared.csproj", "{2FA9B655-E72A-416E-AD0B-9A581AF8C4DB}"
EndProject
Project("{2150E333-8FDC-42A3-9474-1A3956D46DE8}") = "_", "_", "{A5977E44-894E-4B70-AE3A-78B514B44274}"
ProjectSection(SolutionItems) = preProject
	..\.gitattributes = ..\.gitattributes
	..\.gitignore = ..\.gitignore
	..\build.cake = ..\build.cake
	..\build.cmd = ..\build.cmd
	..\build.ps1 = ..\build.ps1
	..\CODEOWNERS = ..\CODEOWNERS
	..\gitversion.yml = ..\gitversion.yml
	..\readme.md = ..\readme.md
EndProjectSection
EndProject
Project("{FAE04EC0-301F-11D3-BF4B-00C04F79EFBC}") = "Calamari.Terraform", "Calamari.Terraform\Calamari.Terraform.csproj", "{107D9B9C-7EAD-4256-AEF1-F7EF402C150B}"
EndProject
Project("{FAE04EC0-301F-11D3-BF4B-00C04F79EFBC}") = "Calamari.Tests.Shared", "Calamari.Tests.Shared\Calamari.Tests.Shared.csproj", "{6EC56FF1-BE19-42F3-A40B-FAF6A870E0F1}"
EndProject
Project("{FAE04EC0-301F-11D3-BF4B-00C04F79EFBC}") = "Calamari.Terraform.Tests", "Calamari.Terraform.Tests\Calamari.Terraform.Tests.csproj", "{66067CC8-9D74-494E-A5F1-5641B1D07C17}"
EndProject
Global
	GlobalSection(SolutionConfigurationPlatforms) = preSolution
		Debug|Any CPU = Debug|Any CPU
		Release|Any CPU = Release|Any CPU
	EndGlobalSection
	GlobalSection(ProjectConfigurationPlatforms) = postSolution
		{59B028A9-5DD5-477F-9845-B0927D02E3CF}.Debug|Any CPU.ActiveCfg = Debug|Any CPU
		{59B028A9-5DD5-477F-9845-B0927D02E3CF}.Debug|Any CPU.Build.0 = Debug|Any CPU
		{59B028A9-5DD5-477F-9845-B0927D02E3CF}.Release|Any CPU.ActiveCfg = Release|Any CPU
		{59B028A9-5DD5-477F-9845-B0927D02E3CF}.Release|Any CPU.Build.0 = Release|Any CPU
		{44851CEC-89D0-4D76-8BBA-2206308974D1}.Debug|Any CPU.ActiveCfg = Debug|Any CPU
		{44851CEC-89D0-4D76-8BBA-2206308974D1}.Debug|Any CPU.Build.0 = Debug|Any CPU
		{44851CEC-89D0-4D76-8BBA-2206308974D1}.Release|Any CPU.ActiveCfg = Release|Any CPU
		{44851CEC-89D0-4D76-8BBA-2206308974D1}.Release|Any CPU.Build.0 = Release|Any CPU
		{C25C8D0B-7203-4BC4-A86F-7558FF890089}.Debug|Any CPU.ActiveCfg = Debug|Any CPU
		{C25C8D0B-7203-4BC4-A86F-7558FF890089}.Debug|Any CPU.Build.0 = Debug|Any CPU
		{C25C8D0B-7203-4BC4-A86F-7558FF890089}.Release|Any CPU.ActiveCfg = Release|Any CPU
		{C25C8D0B-7203-4BC4-A86F-7558FF890089}.Release|Any CPU.Build.0 = Release|Any CPU
		{2FA9B655-E72A-416E-AD0B-9A581AF8C4DB}.Debug|Any CPU.ActiveCfg = Debug|Any CPU
		{2FA9B655-E72A-416E-AD0B-9A581AF8C4DB}.Debug|Any CPU.Build.0 = Debug|Any CPU
		{2FA9B655-E72A-416E-AD0B-9A581AF8C4DB}.Release|Any CPU.ActiveCfg = Release|Any CPU
		{2FA9B655-E72A-416E-AD0B-9A581AF8C4DB}.Release|Any CPU.Build.0 = Release|Any CPU
		{107D9B9C-7EAD-4256-AEF1-F7EF402C150B}.Debug|Any CPU.ActiveCfg = Debug|Any CPU
		{107D9B9C-7EAD-4256-AEF1-F7EF402C150B}.Debug|Any CPU.Build.0 = Debug|Any CPU
		{107D9B9C-7EAD-4256-AEF1-F7EF402C150B}.Release|Any CPU.ActiveCfg = Release|Any CPU
		{107D9B9C-7EAD-4256-AEF1-F7EF402C150B}.Release|Any CPU.Build.0 = Release|Any CPU
		{6EC56FF1-BE19-42F3-A40B-FAF6A870E0F1}.Debug|Any CPU.ActiveCfg = Debug|Any CPU
		{6EC56FF1-BE19-42F3-A40B-FAF6A870E0F1}.Debug|Any CPU.Build.0 = Debug|Any CPU
		{6EC56FF1-BE19-42F3-A40B-FAF6A870E0F1}.Release|Any CPU.ActiveCfg = Release|Any CPU
		{6EC56FF1-BE19-42F3-A40B-FAF6A870E0F1}.Release|Any CPU.Build.0 = Release|Any CPU
		{66067CC8-9D74-494E-A5F1-5641B1D07C17}.Debug|Any CPU.ActiveCfg = Debug|Any CPU
		{66067CC8-9D74-494E-A5F1-5641B1D07C17}.Debug|Any CPU.Build.0 = Debug|Any CPU
		{66067CC8-9D74-494E-A5F1-5641B1D07C17}.Release|Any CPU.ActiveCfg = Release|Any CPU
		{66067CC8-9D74-494E-A5F1-5641B1D07C17}.Release|Any CPU.Build.0 = Release|Any CPU
	EndGlobalSection
	GlobalSection(NestedProjects) = preSolution
		{44851CEC-89D0-4D76-8BBA-2206308974D1} = {06CB7580-EC1B-44C3-93BC-0F58E6582EA1}
		{C25C8D0B-7203-4BC4-A86F-7558FF890089} = {06CB7580-EC1B-44C3-93BC-0F58E6582EA1}
		{107D9B9C-7EAD-4256-AEF1-F7EF402C150B} = {06CB7580-EC1B-44C3-93BC-0F58E6582EA1}
		{66067CC8-9D74-494E-A5F1-5641B1D07C17} = {06CB7580-EC1B-44C3-93BC-0F58E6582EA1}
	EndGlobalSection
EndGlobal
