
Microsoft Visual Studio Solution File, Format Version 12.00
# Visual Studio 2013
VisualStudioVersion = 12.0.31101.0
MinimumVisualStudioVersion = 10.0.40219.1
Project("{FAE04EC0-301F-11D3-BF4B-00C04F79EFBC}") = "Octopus.Deploy", "Octopus.Deploy\Octopus.Deploy.csproj", "{D23A6302-AED6-47EF-BC28-C758ADDCCE11}"
EndProject
Project("{FAE04EC0-301F-11D3-BF4B-00C04F79EFBC}") = "Octopus.Deploy.Azure", "Octopus.Deploy.Azure\Octopus.Deploy.Azure.csproj", "{A245EF73-A5E0-49E0-BED0-F3F496464A93}"
EndProject
Project("{FAE04EC0-301F-11D3-BF4B-00C04F79EFBC}") = "Octopus.Deploy.ConfigurationTransforms", "Octopus.Deploy.ConfigurationTransforms\Octopus.Deploy.ConfigurationTransforms.csproj", "{7113877F-465B-4268-B0AB-DAFAD34FA273}"
EndProject
Project("{FAE04EC0-301F-11D3-BF4B-00C04F79EFBC}") = "Octopus.Deploy.ConfigurationVariables", "Octopus.Deploy.ConfigurationVariables\Octopus.Deploy.ConfigurationVariables.csproj", "{D333B0D8-3867-4692-895D-775D91B71E84}"
EndProject
Project("{FAE04EC0-301F-11D3-BF4B-00C04F79EFBC}") = "Octopus.Deploy.InternetInformationServer", "Octopus.Deploy.InternetInformationServer\Octopus.Deploy.InternetInformationServer.csproj", "{B32736FD-E9A0-48EC-9C97-930FD856DB80}"
EndProject
Project("{FAE04EC0-301F-11D3-BF4B-00C04F79EFBC}") = "Octopus.Deploy.Substitutions", "Octopus.Deploy.Substitutions\Octopus.Deploy.Substitutions.csproj", "{C460A421-1EE4-472A-AD03-355212BEEDD3}"
EndProject
Project("{FAE04EC0-301F-11D3-BF4B-00C04F79EFBC}") = "Package", "Package\Package.csproj", "{D44DC6C3-1192-48AB-AF34-96D918742EF3}"
EndProject
Project("{F5034706-568F-408A-B7B3-4D38C6DB8A32}") = "Octopus.Deploy.Scripts", "Octopus.Deploy.Scripts\Octopus.Deploy.Scripts.pssproj", "{6CAFC0C6-A428-4D30-A9F9-700E829FEA51}"
EndProject
Project("{2150E333-8FDC-42A3-9474-1A3956D46DE8}") = ".nuget", ".nuget", "{7E20695C-37DE-4E44-B924-2067FA5AD454}"
	ProjectSection(SolutionItems) = preProject
		..\NuGet.Config = ..\NuGet.Config
		.nuget\packages.config = .nuget\packages.config
	EndProjectSection
EndProject
Project("{2150E333-8FDC-42A3-9474-1A3956D46DE8}") = "Tests", "Tests", "{56FCC7CC-208F-4ADF-A0F0-1D90290B2374}"
EndProject
Project("{F5034706-568F-408A-B7B3-4D38C6DB8A32}") = "Octopus.Deploy.Scripts.Tests", "Octopus.Deploy.Scripts.Tests\Octopus.Deploy.Scripts.Tests.pssproj", "{114C37E0-31A1-44CD-BAD1-7248595FEA32}"
EndProject
Project("{FAE04EC0-301F-11D3-BF4B-00C04F79EFBC}") = "Octopus.Deploy.PackageDownloader", "Octopus.Deploy.PackageDownloader\Octopus.Deploy.PackageDownloader.csproj", "{AF876E70-C955-418F-9A11-54BAA567AA97}"
EndProject
Global
	GlobalSection(SolutionConfigurationPlatforms) = preSolution
		Debug|Any CPU = Debug|Any CPU
		Release|Any CPU = Release|Any CPU
	EndGlobalSection
	GlobalSection(ProjectConfigurationPlatforms) = postSolution
		{D23A6302-AED6-47EF-BC28-C758ADDCCE11}.Debug|Any CPU.ActiveCfg = Debug|Any CPU
		{D23A6302-AED6-47EF-BC28-C758ADDCCE11}.Debug|Any CPU.Build.0 = Debug|Any CPU
		{D23A6302-AED6-47EF-BC28-C758ADDCCE11}.Release|Any CPU.ActiveCfg = Release|Any CPU
		{D23A6302-AED6-47EF-BC28-C758ADDCCE11}.Release|Any CPU.Build.0 = Release|Any CPU
		{A245EF73-A5E0-49E0-BED0-F3F496464A93}.Debug|Any CPU.ActiveCfg = Debug|Any CPU
		{A245EF73-A5E0-49E0-BED0-F3F496464A93}.Debug|Any CPU.Build.0 = Debug|Any CPU
		{A245EF73-A5E0-49E0-BED0-F3F496464A93}.Release|Any CPU.ActiveCfg = Release|Any CPU
		{A245EF73-A5E0-49E0-BED0-F3F496464A93}.Release|Any CPU.Build.0 = Release|Any CPU
		{7113877F-465B-4268-B0AB-DAFAD34FA273}.Debug|Any CPU.ActiveCfg = Debug|Any CPU
		{7113877F-465B-4268-B0AB-DAFAD34FA273}.Debug|Any CPU.Build.0 = Debug|Any CPU
		{7113877F-465B-4268-B0AB-DAFAD34FA273}.Release|Any CPU.ActiveCfg = Release|Any CPU
		{7113877F-465B-4268-B0AB-DAFAD34FA273}.Release|Any CPU.Build.0 = Release|Any CPU
		{D333B0D8-3867-4692-895D-775D91B71E84}.Debug|Any CPU.ActiveCfg = Debug|Any CPU
		{D333B0D8-3867-4692-895D-775D91B71E84}.Debug|Any CPU.Build.0 = Debug|Any CPU
		{D333B0D8-3867-4692-895D-775D91B71E84}.Release|Any CPU.ActiveCfg = Release|Any CPU
		{D333B0D8-3867-4692-895D-775D91B71E84}.Release|Any CPU.Build.0 = Release|Any CPU
		{B32736FD-E9A0-48EC-9C97-930FD856DB80}.Debug|Any CPU.ActiveCfg = Debug|Any CPU
		{B32736FD-E9A0-48EC-9C97-930FD856DB80}.Debug|Any CPU.Build.0 = Debug|Any CPU
		{B32736FD-E9A0-48EC-9C97-930FD856DB80}.Release|Any CPU.ActiveCfg = Release|Any CPU
		{B32736FD-E9A0-48EC-9C97-930FD856DB80}.Release|Any CPU.Build.0 = Release|Any CPU
		{C460A421-1EE4-472A-AD03-355212BEEDD3}.Debug|Any CPU.ActiveCfg = Debug|Any CPU
		{C460A421-1EE4-472A-AD03-355212BEEDD3}.Debug|Any CPU.Build.0 = Debug|Any CPU
		{C460A421-1EE4-472A-AD03-355212BEEDD3}.Release|Any CPU.ActiveCfg = Release|Any CPU
		{C460A421-1EE4-472A-AD03-355212BEEDD3}.Release|Any CPU.Build.0 = Release|Any CPU
		{D44DC6C3-1192-48AB-AF34-96D918742EF3}.Debug|Any CPU.ActiveCfg = Debug|Any CPU
		{D44DC6C3-1192-48AB-AF34-96D918742EF3}.Debug|Any CPU.Build.0 = Debug|Any CPU
		{D44DC6C3-1192-48AB-AF34-96D918742EF3}.Release|Any CPU.ActiveCfg = Release|Any CPU
		{D44DC6C3-1192-48AB-AF34-96D918742EF3}.Release|Any CPU.Build.0 = Release|Any CPU
		{6CAFC0C6-A428-4D30-A9F9-700E829FEA51}.Debug|Any CPU.ActiveCfg = Debug|Any CPU
		{6CAFC0C6-A428-4D30-A9F9-700E829FEA51}.Debug|Any CPU.Build.0 = Debug|Any CPU
		{6CAFC0C6-A428-4D30-A9F9-700E829FEA51}.Release|Any CPU.ActiveCfg = Release|Any CPU
		{6CAFC0C6-A428-4D30-A9F9-700E829FEA51}.Release|Any CPU.Build.0 = Release|Any CPU
		{114C37E0-31A1-44CD-BAD1-7248595FEA32}.Debug|Any CPU.ActiveCfg = Debug|Any CPU
		{114C37E0-31A1-44CD-BAD1-7248595FEA32}.Debug|Any CPU.Build.0 = Debug|Any CPU
		{114C37E0-31A1-44CD-BAD1-7248595FEA32}.Release|Any CPU.ActiveCfg = Release|Any CPU
		{114C37E0-31A1-44CD-BAD1-7248595FEA32}.Release|Any CPU.Build.0 = Release|Any CPU
		{AF876E70-C955-418F-9A11-54BAA567AA97}.Debug|Any CPU.ActiveCfg = Debug|Any CPU
		{AF876E70-C955-418F-9A11-54BAA567AA97}.Debug|Any CPU.Build.0 = Debug|Any CPU
		{AF876E70-C955-418F-9A11-54BAA567AA97}.Release|Any CPU.ActiveCfg = Release|Any CPU
		{AF876E70-C955-418F-9A11-54BAA567AA97}.Release|Any CPU.Build.0 = Release|Any CPU
	EndGlobalSection
	GlobalSection(SolutionProperties) = preSolution
		HideSolutionNode = FALSE
	EndGlobalSection
	GlobalSection(NestedProjects) = preSolution
		{114C37E0-31A1-44CD-BAD1-7248595FEA32} = {56FCC7CC-208F-4ADF-A0F0-1D90290B2374}
	EndGlobalSection
EndGlobal
